
Microsoft Visual Studio Solution File, Format Version 12.00
# Visual Studio Version 17
VisualStudioVersion = 17.2.32616.157
MinimumVisualStudioVersion = 10.0.40219.1
Project("{FAE04EC0-301F-11D3-BF4B-00C04F79EFBC}") = "AgendaContatos.Mvc", "AgendaContatos.Mvc\AgendaContatos.Mvc.csproj", "{56C01EB8-BA29-4709-B3E5-41D4C8C98B4B}"
EndProject
Global
	GlobalSection(SolutionConfigurationPlatforms) = preSolution
		Debug|Any CPU = Debug|Any CPU
		Release|Any CPU = Release|Any CPU
	EndGlobalSection
	GlobalSection(ProjectConfigurationPlatforms) = postSolution
		{56C01EB8-BA29-4709-B3E5-41D4C8C98B4B}.Debug|Any CPU.ActiveCfg = Debug|Any CPU
		{56C01EB8-BA29-4709-B3E5-41D4C8C98B4B}.Debug|Any CPU.Build.0 = Debug|Any CPU
		{56C01EB8-BA29-4709-B3E5-41D4C8C98B4B}.Release|Any CPU.ActiveCfg = Release|Any CPU
		{56C01EB8-BA29-4709-B3E5-41D4C8C98B4B}.Release|Any CPU.Build.0 = Release|Any CPU
	EndGlobalSection
	GlobalSection(SolutionProperties) = preSolution
		HideSolutionNode = FALSE
	EndGlobalSection
	GlobalSection(ExtensibilityGlobals) = postSolution
		SolutionGuid = {2CCED528-88D9-4852-816C-B23CDEBDB905}
	EndGlobalSection
EndGlobal
